
Microsoft Visual Studio Solution File, Format Version 12.00
# Visual Studio Version 16
VisualStudioVersion = 16.0.31313.79
MinimumVisualStudioVersion = 10.0.40219.1
Project("{FAE04EC0-301F-11D3-BF4B-00C04F79EFBC}") = "HelloWorldPlugin", "HelloWorldPlugin\HelloWorldPlugin.csproj", "{80D5800C-F0CF-44A6-A71A-756DDE3AD3E1}"
EndProject
Project("{FAE04EC0-301F-11D3-BF4B-00C04F79EFBC}") = "MyCustomWorkflows", "MyCustomWorkflows\MyCustomWorkflows.csproj", "{F4AC8044-CEB7-4FCF-A5F3-406DA8331EDE}"
EndProject
Project("{FAE04EC0-301F-11D3-BF4B-00C04F79EFBC}") = "ExternalCRMClient", "ExternalCRMClient\ExternalCRMClient.csproj", "{DE9AA921-8B01-478E-8A8D-F3F74924C749}"
EndProject
Global
	GlobalSection(SolutionConfigurationPlatforms) = preSolution
		Debug|Any CPU = Debug|Any CPU
		Release|Any CPU = Release|Any CPU
	EndGlobalSection
	GlobalSection(ProjectConfigurationPlatforms) = postSolution
		{80D5800C-F0CF-44A6-A71A-756DDE3AD3E1}.Debug|Any CPU.ActiveCfg = Debug|Any CPU
		{80D5800C-F0CF-44A6-A71A-756DDE3AD3E1}.Debug|Any CPU.Build.0 = Debug|Any CPU
		{80D5800C-F0CF-44A6-A71A-756DDE3AD3E1}.Release|Any CPU.ActiveCfg = Release|Any CPU
		{80D5800C-F0CF-44A6-A71A-756DDE3AD3E1}.Release|Any CPU.Build.0 = Release|Any CPU
		{F4AC8044-CEB7-4FCF-A5F3-406DA8331EDE}.Debug|Any CPU.ActiveCfg = Debug|Any CPU
		{F4AC8044-CEB7-4FCF-A5F3-406DA8331EDE}.Debug|Any CPU.Build.0 = Debug|Any CPU
		{F4AC8044-CEB7-4FCF-A5F3-406DA8331EDE}.Release|Any CPU.ActiveCfg = Release|Any CPU
		{F4AC8044-CEB7-4FCF-A5F3-406DA8331EDE}.Release|Any CPU.Build.0 = Release|Any CPU
		{DE9AA921-8B01-478E-8A8D-F3F74924C749}.Debug|Any CPU.ActiveCfg = Debug|Any CPU
		{DE9AA921-8B01-478E-8A8D-F3F74924C749}.Debug|Any CPU.Build.0 = Debug|Any CPU
		{DE9AA921-8B01-478E-8A8D-F3F74924C749}.Release|Any CPU.ActiveCfg = Release|Any CPU
		{DE9AA921-8B01-478E-8A8D-F3F74924C749}.Release|Any CPU.Build.0 = Release|Any CPU
	EndGlobalSection
	GlobalSection(SolutionProperties) = preSolution
		HideSolutionNode = FALSE
	EndGlobalSection
	GlobalSection(ExtensibilityGlobals) = postSolution
		SolutionGuid = {DD19BBDA-5B2C-44E3-873E-3259E1CE0312}
	EndGlobalSection
EndGlobal
